// !$*UTF8*$!
{
	archiveVersion = 1;
	classes = {
	};
	objectVersion = 46;
	objects = {

/* Begin PBXBuildFile section */
		772027AE1C1E617C001B726A /* main.m in Sources */ = {isa = PBXBuildFile; fileRef = 772027AD1C1E617C001B726A /* main.m */; };
		772027B11C1E617C001B726A /* AppDelegate.m in Sources */ = {isa = PBXBuildFile; fileRef = 772027B01C1E617C001B726A /* AppDelegate.m */; };
		772027B41C1E617C001B726A /* ViewController.m in Sources */ = {isa = PBXBuildFile; fileRef = 772027B31C1E617C001B726A /* ViewController.m */; };
		772027B71C1E617C001B726A /* Main.storyboard in Resources */ = {isa = PBXBuildFile; fileRef = 772027B51C1E617C001B726A /* Main.storyboard */; };
		772027B91C1E617C001B726A /* Assets.xcassets in Resources */ = {isa = PBXBuildFile; fileRef = 772027B81C1E617C001B726A /* Assets.xcassets */; };
		772027BC1C1E617C001B726A /* LaunchScreen.storyboard in Resources */ = {isa = PBXBuildFile; fileRef = 772027BA1C1E617C001B726A /* LaunchScreen.storyboard */; };
		772027C71C1E617C001B726A /* WWNetWorkFrameDemoTests.m in Sources */ = {isa = PBXBuildFile; fileRef = 772027C61C1E617C001B726A /* WWNetWorkFrameDemoTests.m */; };
		772027D21C1E617C001B726A /* WWNetWorkFrameDemoUITests.m in Sources */ = {isa = PBXBuildFile; fileRef = 772027D11C1E617C001B726A /* WWNetWorkFrameDemoUITests.m */; };
/* End PBXBuildFile section */

/* Begin PBXContainerItemProxy section */
		772027C31C1E617C001B726A /* PBXContainerItemProxy */ = {
			isa = PBXContainerItemProxy;
			containerPortal = 772027A11C1E617C001B726A /* Project object */;
			proxyType = 1;
			remoteGlobalIDString = 772027A81C1E617C001B726A;
			remoteInfo = WWNetWorkFrameDemo;
		};
		772027CE1C1E617C001B726A /* PBXContainerItemProxy */ = {
			isa = PBXContainerItemProxy;
			containerPortal = 772027A11C1E617C001B726A /* Project object */;
			proxyType = 1;
			remoteGlobalIDString = 772027A81C1E617C001B726A;
			remoteInfo = WWNetWorkFrameDemo;
		};
/* End PBXContainerItemProxy section */

/* Begin PBXFileReference section */
		772027A91C1E617C001B726A /* WWNetWorkFrameDemo.app */ = {isa = PBXFileReference; explicitFileType = wrapper.application; includeInIndex = 0; path = WWNetWorkFrameDemo.app; sourceTree = BUILT_PRODUCTS_DIR; };
		772027AD1C1E617C001B726A /* main.m */ = {isa = PBXFileReference; lastKnownFileType = sourcecode.c.objc; path = main.m; sourceTree = "<group>"; };
		772027AF1C1E617C001B726A /* AppDelegate.h */ = {isa = PBXFileReference; lastKnownFileType = sourcecode.c.h; path = AppDelegate.h; sourceTree = "<group>"; };
		772027B01C1E617C001B726A /* AppDelegate.m */ = {isa = PBXFileReference; lastKnownFileType = sourcecode.c.objc; path = AppDelegate.m; sourceTree = "<group>"; };
		772027B21C1E617C001B726A /* ViewController.h */ = {isa = PBXFileReference; lastKnownFileType = sourcecode.c.h; path = ViewController.h; sourceTree = "<group>"; };
		772027B31C1E617C001B726A /* ViewController.m */ = {isa = PBXFileReference; lastKnownFileType = sourcecode.c.objc; path = ViewController.m; sourceTree = "<group>"; };
		772027B61C1E617C001B726A /* Base */ = {isa = PBXFileReference; lastKnownFileType = file.storyboard; name = Base; path = Base.lproj/Main.storyboard; sourceTree = "<group>"; };
		772027B81C1E617C001B726A /* Assets.xcassets */ = {isa = PBXFileReference; lastKnownFileType = folder.assetcatalog; path = Assets.xcassets; sourceTree = "<group>"; };
		772027BB1C1E617C001B726A /* Base */ = {isa = PBXFileReference; lastKnownFileType = file.storyboard; name = Base; path = Base.lproj/LaunchScreen.storyboard; sourceTree = "<group>"; };
		772027BD1C1E617C001B726A /* Info.plist */ = {isa = PBXFileReference; lastKnownFileType = text.plist.xml; path = Info.plist; sourceTree = "<group>"; };
		772027C21C1E617C001B726A /* WWNetWorkFrameDemoTests.xctest */ = {isa = PBXFileReference; explicitFileType = wrapper.cfbundle; includeInIndex = 0; path = WWNetWorkFrameDemoTests.xctest; sourceTree = BUILT_PRODUCTS_DIR; };
		772027C61C1E617C001B726A /* WWNetWorkFrameDemoTests.m */ = {isa = PBXFileReference; lastKnownFileType = sourcecode.c.objc; path = WWNetWorkFrameDemoTests.m; sourceTree = "<group>"; };
		772027C81C1E617C001B726A /* Info.plist */ = {isa = PBXFileReference; lastKnownFileType = text.plist.xml; path = Info.plist; sourceTree = "<group>"; };
		772027CD1C1E617C001B726A /* WWNetWorkFrameDemoUITests.xctest */ = {isa = PBXFileReference; explicitFileType = wrapper.cfbundle; includeInIndex = 0; path = WWNetWorkFrameDemoUITests.xctest; sourceTree = BUILT_PRODUCTS_DIR; };
		772027D11C1E617C001B726A /* WWNetWorkFrameDemoUITests.m */ = {isa = PBXFileReference; lastKnownFileType = sourcecode.c.objc; path = WWNetWorkFrameDemoUITests.m; sourceTree = "<group>"; };
		772027D31C1E617C001B726A /* Info.plist */ = {isa = PBXFileReference; lastKnownFileType = text.plist.xml; path = Info.plist; sourceTree = "<group>"; };
/* End PBXFileReference section */

/* Begin PBXFrameworksBuildPhase section */
		772027A61C1E617C001B726A /* Frameworks */ = {
			isa = PBXFrameworksBuildPhase;
			buildActionMask = 2147483647;
			files = (
			);
			runOnlyForDeploymentPostprocessing = 0;
		};
		772027BF1C1E617C001B726A /* Frameworks */ = {
			isa = PBXFrameworksBuildPhase;
			buildActionMask = 2147483647;
			files = (
			);
			runOnlyForDeploymentPostprocessing = 0;
		};
		772027CA1C1E617C001B726A /* Frameworks */ = {
			isa = PBXFrameworksBuildPhase;
			buildActionMask = 2147483647;
			files = (
			);
			runOnlyForDeploymentPostprocessing = 0;
		};
/* End PBXFrameworksBuildPhase section */

/* Begin PBXGroup section */
		772027A01C1E617C001B726A = {
			isa = PBXGroup;
			children = (
				772027AB1C1E617C001B726A /* WWNetWorkFrameDemo */,
				772027C51C1E617C001B726A /* WWNetWorkFrameDemoTests */,
				772027D01C1E617C001B726A /* WWNetWorkFrameDemoUITests */,
				772027AA1C1E617C001B726A /* Products */,
			);
			sourceTree = "<group>";
		};
		772027AA1C1E617C001B726A /* Products */ = {
			isa = PBXGroup;
			children = (
				772027A91C1E617C001B726A /* WWNetWorkFrameDemo.app */,
				772027C21C1E617C001B726A /* WWNetWorkFrameDemoTests.xctest */,
				772027CD1C1E617C001B726A /* WWNetWorkFrameDemoUITests.xctest */,
			);
			name = Products;
			sourceTree = "<group>";
		};
		772027AB1C1E617C001B726A /* WWNetWorkFrameDemo */ = {
			isa = PBXGroup;
			children = (
				772027AF1C1E617C001B726A /* AppDelegate.h */,
				772027B01C1E617C001B726A /* AppDelegate.m */,
				772027B21C1E617C001B726A /* ViewController.h */,
				772027B31C1E617C001B726A /* ViewController.m */,
				772027B51C1E617C001B726A /* Main.storyboard */,
				772027B81C1E617C001B726A /* Assets.xcassets */,
				772027BA1C1E617C001B726A /* LaunchScreen.storyboard */,
				772027BD1C1E617C001B726A /* Info.plist */,
				772027AC1C1E617C001B726A /* Supporting Files */,
			);
			path = WWNetWorkFrameDemo;
			sourceTree = "<group>";
		};
		772027AC1C1E617C001B726A /* Supporting Files */ = {
			isa = PBXGroup;
			children = (
				772027AD1C1E617C001B726A /* main.m */,
			);
			name = "Supporting Files";
			sourceTree = "<group>";
		};
		772027C51C1E617C001B726A /* WWNetWorkFrameDemoTests */ = {
			isa = PBXGroup;
			children = (
				772027C61C1E617C001B726A /* WWNetWorkFrameDemoTests.m */,
				772027C81C1E617C001B726A /* Info.plist */,
			);
			path = WWNetWorkFrameDemoTests;
			sourceTree = "<group>";
		};
		772027D01C1E617C001B726A /* WWNetWorkFrameDemoUITests */ = {
			isa = PBXGroup;
			children = (
				772027D11C1E617C001B726A /* WWNetWorkFrameDemoUITests.m */,
				772027D31C1E617C001B726A /* Info.plist */,
			);
			path = WWNetWorkFrameDemoUITests;
			sourceTree = "<group>";
		};
/* End PBXGroup section */

/* Begin PBXNativeTarget section */
		772027A81C1E617C001B726A /* WWNetWorkFrameDemo */ = {
			isa = PBXNativeTarget;
			buildConfigurationList = 772027D61C1E617C001B726A /* Build configuration list for PBXNativeTarget "WWNetWorkFrameDemo" */;
			buildPhases = (
				772027A51C1E617C001B726A /* Sources */,
				772027A61C1E617C001B726A /* Frameworks */,
				772027A71C1E617C001B726A /* Resources */,
			);
			buildRules = (
			);
			dependencies = (
			);
			name = WWNetWorkFrameDemo;
			productName = WWNetWorkFrameDemo;
			productReference = 772027A91C1E617C001B726A /* WWNetWorkFrameDemo.app */;
			productType = "com.apple.product-type.application";
		};
		772027C11C1E617C001B726A /* WWNetWorkFrameDemoTests */ = {
			isa = PBXNativeTarget;
			buildConfigurationList = 772027D91C1E617C001B726A /* Build configuration list for PBXNativeTarget "WWNetWorkFrameDemoTests" */;
			buildPhases = (
				772027BE1C1E617C001B726A /* Sources */,
				772027BF1C1E617C001B726A /* Frameworks */,
				772027C01C1E617C001B726A /* Resources */,
			);
			buildRules = (
			);
			dependencies = (
				772027C41C1E617C001B726A /* PBXTargetDependency */,
			);
			name = WWNetWorkFrameDemoTests;
			productName = WWNetWorkFrameDemoTests;
			productReference = 772027C21C1E617C001B726A /* WWNetWorkFrameDemoTests.xctest */;
			productType = "com.apple.product-type.bundle.unit-test";
		};
		772027CC1C1E617C001B726A /* WWNetWorkFrameDemoUITests */ = {
			isa = PBXNativeTarget;
			buildConfigurationList = 772027DC1C1E617C001B726A /* Build configuration list for PBXNativeTarget "WWNetWorkFrameDemoUITests" */;
			buildPhases = (
				772027C91C1E617C001B726A /* Sources */,
				772027CA1C1E617C001B726A /* Frameworks */,
				772027CB1C1E617C001B726A /* Resources */,
			);
			buildRules = (
			);
			dependencies = (
				772027CF1C1E617C001B726A /* PBXTargetDependency */,
			);
			name = WWNetWorkFrameDemoUITests;
			productName = WWNetWorkFrameDemoUITests;
			productReference = 772027CD1C1E617C001B726A /* WWNetWorkFrameDemoUITests.xctest */;
			productType = "com.apple.product-type.bundle.ui-testing";
		};
/* End PBXNativeTarget section */

/* Begin PBXProject section */
		772027A11C1E617C001B726A /* Project object */ = {
			isa = PBXProject;
			attributes = {
				LastUpgradeCheck = 0700;
				ORGANIZATIONNAME = "黄力";
				TargetAttributes = {
					772027A81C1E617C001B726A = {
						CreatedOnToolsVersion = 7.0.1;
					};
					772027C11C1E617C001B726A = {
						CreatedOnToolsVersion = 7.0.1;
						TestTargetID = 772027A81C1E617C001B726A;
					};
					772027CC1C1E617C001B726A = {
						CreatedOnToolsVersion = 7.0.1;
						TestTargetID = 772027A81C1E617C001B726A;
					};
				};
			};
			buildConfigurationList = 772027A41C1E617C001B726A /* Build configuration list for PBXProject "WWNetWorkFrameDemo" */;
			compatibilityVersion = "Xcode 3.2";
			developmentRegion = English;
			hasScannedForEncodings = 0;
			knownRegions = (
				en,
				Base,
			);
			mainGroup = 772027A01C1E617C001B726A;
			productRefGroup = 772027AA1C1E617C001B726A /* Products */;
			projectDirPath = "";
			projectRoot = "";
			targets = (
				772027A81C1E617C001B726A /* WWNetWorkFrameDemo */,
				772027C11C1E617C001B726A /* WWNetWorkFrameDemoTests */,
				772027CC1C1E617C001B726A /* WWNetWorkFrameDemoUITests */,
			);
		};
/* End PBXProject section */

/* Begin PBXResourcesBuildPhase section */
		772027A71C1E617C001B726A /* Resources */ = {
			isa = PBXResourcesBuildPhase;
			buildActionMask = 2147483647;
			files = (
				772027BC1C1E617C001B726A /* LaunchScreen.storyboard in Resources */,
				772027B91C1E617C001B726A /* Assets.xcassets in Resources */,
				772027B71C1E617C001B726A /* Main.storyboard in Resources */,
			);
			runOnlyForDeploymentPostprocessing = 0;
		};
		772027C01C1E617C001B726A /* Resources */ = {
			isa = PBXResourcesBuildPhase;
			buildActionMask = 2147483647;
			files = (
			);
			runOnlyForDeploymentPostprocessing = 0;
		};
		772027CB1C1E617C001B726A /* Resources */ = {
			isa = PBXResourcesBuildPhase;
			buildActionMask = 2147483647;
			files = (
			);
			runOnlyForDeploymentPostprocessing = 0;
		};
/* End PBXResourcesBuildPhase section */

/* Begin PBXSourcesBuildPhase section */
		772027A51C1E617C001B726A /* Sources */ = {
			isa = PBXSourcesBuildPhase;
			buildActionMask = 2147483647;
			files = (
				772027B41C1E617C001B726A /* ViewController.m in Sources */,
				772027B11C1E617C001B726A /* AppDelegate.m in Sources */,
				772027AE1C1E617C001B726A /* main.m in Sources */,
			);
			runOnlyForDeploymentPostprocessing = 0;
		};
		772027BE1C1E617C001B726A /* Sources */ = {
			isa = PBXSourcesBuildPhase;
			buildActionMask = 2147483647;
			files = (
				772027C71C1E617C001B726A /* WWNetWorkFrameDemoTests.m in Sources */,
			);
			runOnlyForDeploymentPostprocessing = 0;
		};
		772027C91C1E617C001B726A /* Sources */ = {
			isa = PBXSourcesBuildPhase;
			buildActionMask = 2147483647;
			files = (
				772027D21C1E617C001B726A /* WWNetWorkFrameDemoUITests.m in Sources */,
			);
			runOnlyForDeploymentPostprocessing = 0;
		};
/* End PBXSourcesBuildPhase section */

/* Begin PBXTargetDependency section */
		772027C41C1E617C001B726A /* PBXTargetDependency */ = {
			isa = PBXTargetDependency;
			target = 772027A81C1E617C001B726A /* WWNetWorkFrameDemo */;
			targetProxy = 772027C31C1E617C001B726A /* PBXContainerItemProxy */;
		};
		772027CF1C1E617C001B726A /* PBXTargetDependency */ = {
			isa = PBXTargetDependency;
			target = 772027A81C1E617C001B726A /* WWNetWorkFrameDemo */;
			targetProxy = 772027CE1C1E617C001B726A /* PBXContainerItemProxy */;
		};
/* End PBXTargetDependency section */

/* Begin PBXVariantGroup section */
		772027B51C1E617C001B726A /* Main.storyboard */ = {
			isa = PBXVariantGroup;
			children = (
				772027B61C1E617C001B726A /* Base */,
			);
			name = Main.storyboard;
			sourceTree = "<group>";
		};
		772027BA1C1E617C001B726A /* LaunchScreen.storyboard */ = {
			isa = PBXVariantGroup;
			children = (
				772027BB1C1E617C001B726A /* Base */,
			);
			name = LaunchScreen.storyboard;
			sourceTree = "<group>";
		};
/* End PBXVariantGroup section */

/* Begin XCBuildConfiguration section */
		772027D41C1E617C001B726A /* Debug */ = {
			isa = XCBuildConfiguration;
			buildSettings = {
				ALWAYS_SEARCH_USER_PATHS = NO;
				CLANG_CXX_LANGUAGE_STANDARD = "gnu++0x";
				CLANG_CXX_LIBRARY = "libc++";
				CLANG_ENABLE_MODULES = YES;
				CLANG_ENABLE_OBJC_ARC = YES;
				CLANG_WARN_BOOL_CONVERSION = YES;
				CLANG_WARN_CONSTANT_CONVERSION = YES;
				CLANG_WARN_DIRECT_OBJC_ISA_USAGE = YES_ERROR;
				CLANG_WARN_EMPTY_BODY = YES;
				CLANG_WARN_ENUM_CONVERSION = YES;
				CLANG_WARN_INT_CONVERSION = YES;
				CLANG_WARN_OBJC_ROOT_CLASS = YES_ERROR;
				CLANG_WARN_UNREACHABLE_CODE = YES;
				CLANG_WARN__DUPLICATE_METHOD_MATCH = YES;
				"CODE_SIGN_IDENTITY[sdk=iphoneos*]" = "iPhone Developer";
				COPY_PHASE_STRIP = NO;
				DEBUG_INFORMATION_FORMAT = dwarf;
				ENABLE_STRICT_OBJC_MSGSEND = YES;
				ENABLE_TESTABILITY = YES;
				GCC_C_LANGUAGE_STANDARD = gnu99;
				GCC_DYNAMIC_NO_PIC = NO;
				GCC_NO_COMMON_BLOCKS = YES;
				GCC_OPTIMIZATION_LEVEL = 0;
				GCC_PREPROCESSOR_DEFINITIONS = (
					"DEBUG=1",
					"$(inherited)",
				);
				GCC_WARN_64_TO_32_BIT_CONVERSION = YES;
				GCC_WARN_ABOUT_RETURN_TYPE = YES_ERROR;
				GCC_WARN_UNDECLARED_SELECTOR = YES;
				GCC_WARN_UNINITIALIZED_AUTOS = YES_AGGRESSIVE;
				GCC_WARN_UNUSED_FUNCTION = YES;
				GCC_WARN_UNUSED_VARIABLE = YES;
				IPHONEOS_DEPLOYMENT_TARGET = 9.0;
				MTL_ENABLE_DEBUG_INFO = YES;
				ONLY_ACTIVE_ARCH = YES;
				SDKROOT = iphoneos;
				TARGETED_DEVICE_FAMILY = "1,2";
			};
			name = Debug;
		};
		772027D51C1E617C001B726A /* Release */ = {
			isa = XCBuildConfiguration;
			buildSettings = {
				ALWAYS_SEARCH_USER_PATHS = NO;
				CLANG_CXX_LANGUAGE_STANDARD = "gnu++0x";
				CLANG_CXX_LIBRARY = "libc++";
				CLANG_ENABLE_MODULES = YES;
				CLANG_ENABLE_OBJC_ARC = YES;
				CLANG_WARN_BOOL_CONVERSION = YES;
				CLANG_WARN_CONSTANT_CONVERSION = YES;
				CLANG_WARN_DIRECT_OBJC_ISA_USAGE = YES_ERROR;
				CLANG_WARN_EMPTY_BODY = YES;
				CLANG_WARN_ENUM_CONVERSION = YES;
				CLANG_WARN_INT_CONVERSION = YES;
				CLANG_WARN_OBJC_ROOT_CLASS = YES_ERROR;
				CLANG_WARN_UNREACHABLE_CODE = YES;
				CLANG_WARN__DUPLICATE_METHOD_MATCH = YES;
				"CODE_SIGN_IDENTITY[sdk=iphoneos*]" = "iPhone Developer";
				COPY_PHASE_STRIP = NO;
				DEBUG_INFORMATION_FORMAT = "dwarf-with-dsym";
				ENABLE_NS_ASSERTIONS = NO;
				ENABLE_STRICT_OBJC_MSGSEND = YES;
				GCC_C_LANGUAGE_STANDARD = gnu99;
				GCC_NO_COMMON_BLOCKS = YES;
				GCC_WARN_64_TO_32_BIT_CONVERSION = YES;
				GCC_WARN_ABOUT_RETURN_TYPE = YES_ERROR;
				GCC_WARN_UNDECLARED_SELECTOR = YES;
				GCC_WARN_UNINITIALIZED_AUTOS = YES_AGGRESSIVE;
				GCC_WARN_UNUSED_FUNCTION = YES;
				GCC_WARN_UNUSED_VARIABLE = YES;
				IPHONEOS_DEPLOYMENT_TARGET = 9.0;
				MTL_ENABLE_DEBUG_INFO = NO;
				SDKROOT = iphoneos;
				TARGETED_DEVICE_FAMILY = "1,2";
				VALIDATE_PRODUCT = YES;
			};
			name = Release;
		};
		772027D71C1E617C001B726A /* Debug */ = {
			isa = XCBuildConfiguration;
			buildSettings = {
				ASSETCATALOG_COMPILER_APPICON_NAME = AppIcon;
				INFOPLIST_FILE = WWNetWorkFrameDemo/Info.plist;
				LD_RUNPATH_SEARCH_PATHS = "$(inherited) @executable_path/Frameworks";
				PRODUCT_BUNDLE_IDENTIFIER = com.admaster.WWNetWorkFrameDemo;
				PRODUCT_NAME = "$(TARGET_NAME)";
			};
			name = Debug;
		};
		772027D81C1E617C001B726A /* Release */ = {
			isa = XCBuildConfiguration;
			buildSettings = {
				ASSETCATALOG_COMPILER_APPICON_NAME = AppIcon;
				INFOPLIST_FILE = WWNetWorkFrameDemo/Info.plist;
				LD_RUNPATH_SEARCH_PATHS = "$(inherited) @executable_path/Frameworks";
				PRODUCT_BUNDLE_IDENTIFIER = com.admaster.WWNetWorkFrameDemo;
				PRODUCT_NAME = "$(TARGET_NAME)";
			};
			name = Release;
		};
		772027DA1C1E617C001B726A /* Debug */ = {
			isa = XCBuildConfiguration;
			buildSettings = {
				BUNDLE_LOADER = "$(TEST_HOST)";
				INFOPLIST_FILE = WWNetWorkFrameDemoTests/Info.plist;
				LD_RUNPATH_SEARCH_PATHS = "$(inherited) @executable_path/Frameworks @loader_path/Frameworks";
				PRODUCT_BUNDLE_IDENTIFIER = com.admaster.WWNetWorkFrameDemoTests;
				PRODUCT_NAME = "$(TARGET_NAME)";
				TEST_HOST = "$(BUILT_PRODUCTS_DIR)/WWNetWorkFrameDemo.app/WWNetWorkFrameDemo";
			};
			name = Debug;
		};
		772027DB1C1E617C001B726A /* Release */ = {
			isa = XCBuildConfiguration;
			buildSettings = {
				BUNDLE_LOADER = "$(TEST_HOST)";
				INFOPLIST_FILE = WWNetWorkFrameDemoTests/Info.plist;
				LD_RUNPATH_SEARCH_PATHS = "$(inherited) @executable_path/Frameworks @loader_path/Frameworks";
				PRODUCT_BUNDLE_IDENTIFIER = com.admaster.WWNetWorkFrameDemoTests;
				PRODUCT_NAME = "$(TARGET_NAME)";
				TEST_HOST = "$(BUILT_PRODUCTS_DIR)/WWNetWorkFrameDemo.app/WWNetWorkFrameDemo";
			};
			name = Release;
		};
		772027DD1C1E617C001B726A /* Debug */ = {
			isa = XCBuildConfiguration;
			buildSettings = {
				INFOPLIST_FILE = WWNetWorkFrameDemoUITests/Info.plist;
				LD_RUNPATH_SEARCH_PATHS = "$(inherited) @executable_path/Frameworks @loader_path/Frameworks";
				PRODUCT_BUNDLE_IDENTIFIER = com.admaster.WWNetWorkFrameDemoUITests;
				PRODUCT_NAME = "$(TARGET_NAME)";
				TEST_TARGET_NAME = WWNetWorkFrameDemo;
				USES_XCTRUNNER = YES;
			};
			name = Debug;
		};
		772027DE1C1E617C001B726A /* Release */ = {
			isa = XCBuildConfiguration;
			buildSettings = {
				INFOPLIST_FILE = WWNetWorkFrameDemoUITests/Info.plist;
				LD_RUNPATH_SEARCH_PATHS = "$(inherited) @executable_path/Frameworks @loader_path/Frameworks";
				PRODUCT_BUNDLE_IDENTIFIER = com.admaster.WWNetWorkFrameDemoUITests;
				PRODUCT_NAME = "$(TARGET_NAME)";
				TEST_TARGET_NAME = WWNetWorkFrameDemo;
				USES_XCTRUNNER = YES;
			};
			name = Release;
		};
/* End XCBuildConfiguration section */

/* Begin XCConfigurationList section */
		772027A41C1E617C001B726A /* Build configuration list for PBXProject "WWNetWorkFrameDemo" */ = {
			isa = XCConfigurationList;
			buildConfigurations = (
				772027D41C1E617C001B726A /* Debug */,
				772027D51C1E617C001B726A /* Release */,
			);
			defaultConfigurationIsVisible = 0;
			defaultConfigurationName = Release;
		};
		772027D61C1E617C001B726A /* Build configuration list for PBXNativeTarget "WWNetWorkFrameDemo" */ = {
			isa = XCConfigurationList;
			buildConfigurations = (
				772027D71C1E617C001B726A /* Debug */,
				772027D81C1E617C001B726A /* Release */,
			);
			defaultConfigurationIsVisible = 0;
		};
		772027D91C1E617C001B726A /* Build configuration list for PBXNativeTarget "WWNetWorkFrameDemoTests" */ = {
			isa = XCConfigurationList;
			buildConfigurations = (
				772027DA1C1E617C001B726A /* Debug */,
				772027DB1C1E617C001B726A /* Release */,
			);
			defaultConfigurationIsVisible = 0;
		};
		772027DC1C1E617C001B726A /* Build configuration list for PBXNativeTarget "WWNetWorkFrameDemoUITests" */ = {
			isa = XCConfigurationList;
			buildConfigurations = (
				772027DD1C1E617C001B726A /* Debug */,
				772027DE1C1E617C001B726A /* Release */,
			);
			defaultConfigurationIsVisible = 0;
		};
/* End XCConfigurationList section */
	};
	rootObject = 772027A11C1E617C001B726A /* Project object */;
}
